
Microsoft Visual Studio Solution File, Format Version 12.00
# Visual Studio 14
VisualStudioVersion = 14.0.24720.0
MinimumVisualStudioVersion = 10.0.40219.1
Project("{FAE04EC0-301F-11D3-BF4B-00C04F79EFBC}") = "NLSImportTool", "NLSImportTool\NLSImportTool.csproj", "{2BBCC3F9-3F78-4EE1-8D73-7E94CED07FB1}"
EndProject
Global
	GlobalSection(SolutionConfigurationPlatforms) = preSolution
		Debug|Any CPU = Debug|Any CPU
		Release|Any CPU = Release|Any CPU
	EndGlobalSection
	GlobalSection(ProjectConfigurationPlatforms) = postSolution
		{2BBCC3F9-3F78-4EE1-8D73-7E94CED07FB1}.Debug|Any CPU.ActiveCfg = Debug|Any CPU
		{2BBCC3F9-3F78-4EE1-8D73-7E94CED07FB1}.Debug|Any CPU.Build.0 = Debug|Any CPU
		{2BBCC3F9-3F78-4EE1-8D73-7E94CED07FB1}.Release|Any CPU.ActiveCfg = Release|Any CPU
		{2BBCC3F9-3F78-4EE1-8D73-7E94CED07FB1}.Release|Any CPU.Build.0 = Release|Any CPU
	EndGlobalSection
	GlobalSection(SolutionProperties) = preSolution
		HideSolutionNode = FALSE
	EndGlobalSection
EndGlobal
